
Microsoft Visual Studio Solution File, Format Version 12.00
# Visual Studio Version 17
VisualStudioVersion = 17.11.35312.102
MinimumVisualStudioVersion = 10.0.40219.1
Project("{FAE04EC0-301F-11D3-BF4B-00C04F79EFBC}") = "CameraQQQ", "CameraQQQ\CameraQQQ.csproj", "{AA529794-EC78-499D-9AA1-BA43B089FA17}"
EndProject
Global
	GlobalSection(SolutionConfigurationPlatforms) = preSolution
		Debug|Any CPU = Debug|Any CPU
		Release|Any CPU = Release|Any CPU
	EndGlobalSection
	GlobalSection(ProjectConfigurationPlatforms) = postSolution
		{AA529794-EC78-499D-9AA1-BA43B089FA17}.Debug|Any CPU.ActiveCfg = Debug|Any CPU
		{AA529794-EC78-499D-9AA1-BA43B089FA17}.Debug|Any CPU.Build.0 = Debug|Any CPU
		{AA529794-EC78-499D-9AA1-BA43B089FA17}.Release|Any CPU.ActiveCfg = Release|Any CPU
		{AA529794-EC78-499D-9AA1-BA43B089FA17}.Release|Any CPU.Build.0 = Release|Any CPU
	EndGlobalSection
	GlobalSection(SolutionProperties) = preSolution
		HideSolutionNode = FALSE
	EndGlobalSection
	GlobalSection(ExtensibilityGlobals) = postSolution
		SolutionGuid = {68EE6F25-4C57-4CE6-8D11-239AB2D18C17}
	EndGlobalSection
EndGlobal
